
Microsoft Visual Studio Solution File, Format Version 12.00
# Visual Studio Version 17
VisualStudioVersion = 17.9.34622.214
MinimumVisualStudioVersion = 10.0.40219.1
Project("{8BC9CEB8-8B4A-11D0-8D11-00A0C91BC942}") = "D2DEngine", "D2DEngine\D2DEngine.vcxproj", "{27A1CC63-0566-48D8-9A9F-EAC09B9544F5}"
EndProject
Project("{8BC9CEB8-8B4A-11D0-8D11-00A0C91BC942}") = "Pineapple_of_the_Comosus", "Pineapple_of_the_Comosus\Pineapple_of_the_Comosus.vcxproj", "{6C39B474-991D-4C45-BF55-2F9F430CDC2D}"
EndProject
Global
	GlobalSection(SolutionConfigurationPlatforms) = preSolution
		Debug|x64 = Debug|x64
		Debug|x86 = Debug|x86
		Release|x64 = Release|x64
		Release|x86 = Release|x86
	EndGlobalSection
	GlobalSection(ProjectConfigurationPlatforms) = postSolution
		{27A1CC63-0566-48D8-9A9F-EAC09B9544F5}.Debug|x64.ActiveCfg = Debug|x64
		{27A1CC63-0566-48D8-9A9F-EAC09B9544F5}.Debug|x64.Build.0 = Debug|x64
		{27A1CC63-0566-48D8-9A9F-EAC09B9544F5}.Debug|x86.ActiveCfg = Debug|Win32
		{27A1CC63-0566-48D8-9A9F-EAC09B9544F5}.Debug|x86.Build.0 = Debug|Win32
		{27A1CC63-0566-48D8-9A9F-EAC09B9544F5}.Release|x64.ActiveCfg = Release|x64
		{27A1CC63-0566-48D8-9A9F-EAC09B9544F5}.Release|x64.Build.0 = Release|x64
		{27A1CC63-0566-48D8-9A9F-EAC09B9544F5}.Release|x86.ActiveCfg = Release|Win32
		{27A1CC63-0566-48D8-9A9F-EAC09B9544F5}.Release|x86.Build.0 = Release|Win32
		{6C39B474-991D-4C45-BF55-2F9F430CDC2D}.Debug|x64.ActiveCfg = Debug|x64
		{6C39B474-991D-4C45-BF55-2F9F430CDC2D}.Debug|x64.Build.0 = Debug|x64
		{6C39B474-991D-4C45-BF55-2F9F430CDC2D}.Debug|x86.ActiveCfg = Debug|Win32
		{6C39B474-991D-4C45-BF55-2F9F430CDC2D}.Debug|x86.Build.0 = Debug|Win32
		{6C39B474-991D-4C45-BF55-2F9F430CDC2D}.Release|x64.ActiveCfg = Release|x64
		{6C39B474-991D-4C45-BF55-2F9F430CDC2D}.Release|x64.Build.0 = Release|x64
		{6C39B474-991D-4C45-BF55-2F9F430CDC2D}.Release|x86.ActiveCfg = Release|Win32
		{6C39B474-991D-4C45-BF55-2F9F430CDC2D}.Release|x86.Build.0 = Release|Win32
	EndGlobalSection
	GlobalSection(SolutionProperties) = preSolution
		HideSolutionNode = FALSE
	EndGlobalSection
	GlobalSection(ExtensibilityGlobals) = postSolution
		SolutionGuid = {DEF40DD6-DE86-4C24-A11F-790A08C93236}
	EndGlobalSection
EndGlobal
