<?xml version="1.0" encoding="utf-8"?>
<Project ToolsVersion="4.0" xmlns="http://schemas.microsoft.com/developer/msbuild/2003">
  <ItemGroup>
    <ClCompile Include="DataManager.cpp" />
    <ClCompile Include="Enemy.cpp" />
    <ClCompile Include="Enemy_Bomber.cpp" />
    <ClCompile Include="Enemy_Griffin.cpp" />
    <ClCompile Include="Enemy_Heavy.cpp" />
    <ClCompile Include="Enemy_Musket.cpp" />
    <ClCompile Include="Enemy_Sword.cpp" />
    <ClCompile Include="HarvestButton.cpp" />
    <ClCompile Include="Hpbar.cpp" />
    <ClCompile Include="MouseDownTest.cpp" />
    <ClCompile Include="Mpbar.cpp" />
    <ClCompile Include="Pineapple.cpp" />
    <ClCompile Include="Pineapple_of_the_Comosus.cpp" />
    <ClCompile Include="testChar.cpp" />
    <ClCompile Include="TestDropDown.cpp" />
    <ClCompile Include="WaveSystem.cpp" />
    <ClCompile Include="Turret.cpp" />
    <ClCompile Include="Turret_CrossBow.cpp" />
    <ClCompile Include="Turret_Fertilizer.cpp" />
    <ClCompile Include="Turret_Mortar.cpp" />
    <ClCompile Include="Turret_Musket.cpp" />
    <ClCompile Include="Turret_Slow.cpp" />
    <ClCompile Include="Turret_SuperCrossBow.cpp" />
    <ClCompile Include="WinApp.cpp" />
    <ClCompile Include="WinApp2.cpp" />
    <ClCompile Include="UpgradeItem.cpp" />
    <ClCompile Include="StartScene.cpp">
      <Filter>sceneTestfolder</Filter>
    </ClCompile>
    <ClCompile Include="GameScene.cpp">
      <Filter>sceneTestfolder</Filter>
    </ClCompile>
    <ClCompile Include="WinApp3.cpp">
      <Filter>sceneTestfolder</Filter>
    </ClCompile>
    <ClCompile Include="WinApp4.cpp">
      <Filter>MyTest</Filter>
    </ClCompile>
    <ClCompile Include="DayNightCycle.cpp" />
  </ItemGroup>
  <ItemGroup>
    <ClInclude Include="DataManager.h" />
    <ClInclude Include="Enemy.h" />
    <ClInclude Include="Enemy_Bomber.h" />
    <ClInclude Include="Enemy_Griffin.h" />
    <ClInclude Include="Enemy_Heavy.h" />
    <ClInclude Include="Enemy_Musket.h" />
    <ClInclude Include="Enemy_Sword.h" />
    <ClInclude Include="framework.h" />
    <ClInclude Include="HarvestButton.h" />
    <ClInclude Include="Hpbar.h" />
    <ClInclude Include="MouseDownTest.h" />
    <ClInclude Include="Mpbar.h" />
    <ClInclude Include="testChar.h" />
    <ClInclude Include="TestDropDown.h" />
    <ClInclude Include="WaveSystem.h" />
    <ClInclude Include="Pineapple.h" />
    <ClInclude Include="Turret.h" />
    <ClInclude Include="Turret_CrossBow.h" />
    <ClInclude Include="Turret_Fertilizer.h" />
    <ClInclude Include="Turret_Mortar.h" />
    <ClInclude Include="Turret_Musket.h" />
    <ClInclude Include="Turret_Slow.h" />
    <ClInclude Include="Turret_SuperCrossBow.h" />
    <ClInclude Include="WinApp.h" />
    <ClInclude Include="WinApp2.h" />
    <ClInclude Include="UpgradeItem.h" />
    <ClInclude Include="StartScene.h">
      <Filter>sceneTestfolder</Filter>
    </ClInclude>
    <ClInclude Include="GameScene.h">
      <Filter>sceneTestfolder</Filter>
    </ClInclude>
    <ClInclude Include="WinApp3.h">
      <Filter>sceneTestfolder</Filter>
    </ClInclude>
    <ClInclude Include="WinApp4.h">
      <Filter>MyTest</Filter>
    </ClInclude>
    <ClInclude Include="DayNightCycle.h" />
  </ItemGroup>
  <ItemGroup>
    <Filter Include="sceneTestfolder">
      <UniqueIdentifier>{39466412-9f37-453f-9730-a15b04b0e720}</UniqueIdentifier>
    </Filter>
    <Filter Include="MyTest">
      <UniqueIdentifier>{fac21781-1be0-449e-97ce-f71d225adf71}</UniqueIdentifier>
    </Filter>
    <Filter Include="MyTest\TestPineApple">
      <UniqueIdentifier>{0eb18d89-3285-4ed3-971c-329127866965}</UniqueIdentifier>
    </Filter>
  </ItemGroup>
</Project>