<?xml version="1.0" encoding="utf-8"?>
<Project ToolsVersion="4.0" xmlns="http://schemas.microsoft.com/developer/msbuild/2003">
  <ItemGroup>
    <ClCompile Include="AABB.cpp" />
    <ClCompile Include="BoxCollider.cpp" />
    <ClCompile Include="Camera.cpp" />
    <ClCompile Include="CircleCollider.cpp" />
    <ClCompile Include="Collider.cpp" />
    <ClCompile Include="Component.cpp" />
    <ClCompile Include="D2DEngine.cpp" />
    <ClCompile Include="D2DRenderer.cpp" />
    <ClCompile Include="DeltaTime.cpp" />
    <ClCompile Include="EventSystem.cpp" />
    <ClCompile Include="FiniteStateMachine.cpp" />
    <ClCompile Include="GameObject.cpp" />
    <ClCompile Include="InputManager.cpp" />
    <ClCompile Include="Movement.cpp" />
    <ClCompile Include="Object.cpp" />
    <ClCompile Include="pch.cpp" />
    <ClCompile Include="PublicData.cpp" />
    <ClCompile Include="ReferenceCounter.cpp" />
    <ClCompile Include="Renderer.cpp" />
    <ClCompile Include="ResourceManager.cpp" />
    <ClCompile Include="Rigidbody2D.cpp" />
    <ClCompile Include="Scene.cpp" />
    <ClCompile Include="SceneManager.cpp" />
    <ClCompile Include="SoundManager.cpp" />
    <ClCompile Include="Sprite.cpp" />
    <ClCompile Include="SpriteAnimation.cpp" />
    <ClCompile Include="SpriteAnimationAsset.cpp" />
    <ClCompile Include="SpriteRenderer.cpp" />
    <ClCompile Include="TestObject.cpp" />
    <ClCompile Include="TextRenderer.cpp" />
    <ClCompile Include="Texture.cpp" />
    <ClCompile Include="Transform.cpp" />
    <ClCompile Include="WinGameApp.cpp" />
  </ItemGroup>
  <ItemGroup>
    <ClInclude Include="AABB.h" />
    <ClInclude Include="Action.h" />
    <ClInclude Include="BoxCollider.h" />
    <ClInclude Include="Camera.h" />
    <ClInclude Include="CircleCollider.h" />
    <ClInclude Include="Collider.h" />
    <ClInclude Include="Component.h" />
    <ClInclude Include="D2DEngine.h" />
    <ClInclude Include="D2DRenderer.h" />
    <ClInclude Include="DeltaTime.h" />
    <ClInclude Include="EventSystem.h" />
    <ClInclude Include="FiniteStateMachine.h" />
    <ClInclude Include="framework.h" />
    <ClInclude Include="GameObject.h" />
    <ClInclude Include="InputManager.h" />
    <ClInclude Include="Movement.h" />
    <ClInclude Include="Object.h" />
    <ClInclude Include="pch.h" />
    <ClInclude Include="PublicData.h" />
    <ClInclude Include="ReferenceCounter.h" />
    <ClInclude Include="Renderer.h" />
    <ClInclude Include="ResourceManager.h" />
    <ClInclude Include="Rigidbody2D.h" />
    <ClInclude Include="Scene.h" />
    <ClInclude Include="SceneManager.h" />
    <ClInclude Include="SoundManager.h" />
    <ClInclude Include="Sprite.h" />
    <ClInclude Include="SpriteAnimation.h" />
    <ClInclude Include="SpriteAnimationAsset.h" />
    <ClInclude Include="SpriteRenderer.h" />
    <ClInclude Include="TestObject.h" />
    <ClInclude Include="TextRenderer.h" />
    <ClInclude Include="Texture.h" />
    <ClInclude Include="Transform.h" />
    <ClInclude Include="Vector.h" />
    <ClInclude Include="WinGameApp.h" />
  </ItemGroup>
  <ItemGroup>
    <None Include="ClassDiagram1.cd" />
  </ItemGroup>
</Project>